Microsoft Visual Studio Solution File, Format Version 12.00
# Visual Studio Version 17
VisualStudioVersion = 17.5.2.0
MinimumVisualStudioVersion = 10.0.40219.1
Project("{FAE04EC0-301F-11D3-BF4B-00C04F79EFBC}") = "finance", "Finance\finance.csproj", "{F395707A-7EA5-1231-19F0-F70B5B326AAE}"
EndProject
Global
	GlobalSection(SolutionConfigurationPlatforms) = preSolution
		Debug|Any CPU = Debug|Any CPU
		Release|Any CPU = Release|Any CPU
	EndGlobalSection
	GlobalSection(ProjectConfigurationPlatforms) = postSolution
		{F395707A-7EA5-1231-19F0-F70B5B326AAE}.Debug|Any CPU.ActiveCfg = Debug|Any CPU
		{F395707A-7EA5-1231-19F0-F70B5B326AAE}.Debug|Any CPU.Build.0 = Debug|Any CPU
		{F395707A-7EA5-1231-19F0-F70B5B326AAE}.Release|Any CPU.ActiveCfg = Release|Any CPU
		{F395707A-7EA5-1231-19F0-F70B5B326AAE}.Release|Any CPU.Build.0 = Release|Any CPU
	EndGlobalSection
	GlobalSection(SolutionProperties) = preSolution
		HideSolutionNode = FALSE
	EndGlobalSection
	GlobalSection(ExtensibilityGlobals) = postSolution
		SolutionGuid = {C8BC3629-A9CD-44FC-9D88-F4ABFE7EF39E}
	EndGlobalSection
EndGlobal
